// !$*UTF8*$!
{
	archiveVersion = 1;
	classes = {
	};
	objectVersion = 46;
	objects = {

/* Begin PBXBuildFile section */
		DAC2C7D51EA7A2EF00E173AB /* main.m in Sources */ = {isa = PBXBuildFile; fileRef = DAC2C7D41EA7A2EF00E173AB /* main.m */; };
		DAC2C7D81EA7A2EF00E173AB /* AppDelegate.m in Sources */ = {isa = PBXBuildFile; fileRef = DAC2C7D71EA7A2EF00E173AB /* AppDelegate.m */; };
		DAC2C7DB1EA7A2EF00E173AB /* ViewController.m in Sources */ = {isa = PBXBuildFile; fileRef = DAC2C7DA1EA7A2EF00E173AB /* ViewController.m */; };
		DAC2C7DE1EA7A2EF00E173AB /* Main.storyboard in Resources */ = {isa = PBXBuildFile; fileRef = DAC2C7DC1EA7A2EF00E173AB /* Main.storyboard */; };
		DAC2C7E01EA7A2EF00E173AB /* Assets.xcassets in Resources */ = {isa = PBXBuildFile; fileRef = DAC2C7DF1EA7A2EF00E173AB /* Assets.xcassets */; };
		DAC2C7E31EA7A2EF00E173AB /* LaunchScreen.storyboard in Resources */ = {isa = PBXBuildFile; fileRef = DAC2C7E11EA7A2EF00E173AB /* LaunchScreen.storyboard */; };
		DAC2C7EE1EA7A2EF00E173AB /* CoreGraphics_Detailed_Tests.m in Sources */ = {isa = PBXBuildFile; fileRef = DAC2C7ED1EA7A2EF00E173AB /* CoreGraphics_Detailed_Tests.m */; };
		DAC2C7F91EA7A2EF00E173AB /* CoreGraphics_Detailed_UITests.m in Sources */ = {isa = PBXBuildFile; fileRef = DAC2C7F81EA7A2EF00E173AB /* CoreGraphics_Detailed_UITests.m */; };
		DAF668561EA8401600B7485B /* CustomView.m in Sources */ = {isa = PBXBuildFile; fileRef = DAF668551EA8401600B7485B /* CustomView.m */; };
/* End PBXBuildFile section */

/* Begin PBXContainerItemProxy section */
		DAC2C7EA1EA7A2EF00E173AB /* PBXContainerItemProxy */ = {
			isa = PBXContainerItemProxy;
			containerPortal = DAC2C7C81EA7A2EF00E173AB /* Project object */;
			proxyType = 1;
			remoteGlobalIDString = DAC2C7CF1EA7A2EF00E173AB;
			remoteInfo = "CoreGraphics(Detailed)";
		};
		DAC2C7F51EA7A2EF00E173AB /* PBXContainerItemProxy */ = {
			isa = PBXContainerItemProxy;
			containerPortal = DAC2C7C81EA7A2EF00E173AB /* Project object */;
			proxyType = 1;
			remoteGlobalIDString = DAC2C7CF1EA7A2EF00E173AB;
			remoteInfo = "CoreGraphics(Detailed)";
		};
/* End PBXContainerItemProxy section */

/* Begin PBXFileReference section */
		DAC2C7D01EA7A2EF00E173AB /* CoreGraphics(Detailed).app */ = {isa = PBXFileReference; explicitFileType = wrapper.application; includeInIndex = 0; path = "CoreGraphics(Detailed).app"; sourceTree = BUILT_PRODUCTS_DIR; };
		DAC2C7D41EA7A2EF00E173AB /* main.m */ = {isa = PBXFileReference; lastKnownFileType = sourcecode.c.objc; path = main.m; sourceTree = "<group>"; };
		DAC2C7D61EA7A2EF00E173AB /* AppDelegate.h */ = {isa = PBXFileReference; lastKnownFileType = sourcecode.c.h; path = AppDelegate.h; sourceTree = "<group>"; };
		DAC2C7D71EA7A2EF00E173AB /* AppDelegate.m */ = {isa = PBXFileReference; lastKnownFileType = sourcecode.c.objc; path = AppDelegate.m; sourceTree = "<group>"; };
		DAC2C7D91EA7A2EF00E173AB /* ViewController.h */ = {isa = PBXFileReference; lastKnownFileType = sourcecode.c.h; path = ViewController.h; sourceTree = "<group>"; };
		DAC2C7DA1EA7A2EF00E173AB /* ViewController.m */ = {isa = PBXFileReference; lastKnownFileType = sourcecode.c.objc; path = ViewController.m; sourceTree = "<group>"; };
		DAC2C7DD1EA7A2EF00E173AB /* Base */ = {isa = PBXFileReference; lastKnownFileType = file.storyboard; name = Base; path = Base.lproj/Main.storyboard; sourceTree = "<group>"; };
		DAC2C7DF1EA7A2EF00E173AB /* Assets.xcassets */ = {isa = PBXFileReference; lastKnownFileType = folder.assetcatalog; path = Assets.xcassets; sourceTree = "<group>"; };
		DAC2C7E21EA7A2EF00E173AB /* Base */ = {isa = PBXFileReference; lastKnownFileType = file.storyboard; name = Base; path = Base.lproj/LaunchScreen.storyboard; sourceTree = "<group>"; };
		DAC2C7E41EA7A2EF00E173AB /* Info.plist */ = {isa = PBXFileReference; lastKnownFileType = text.plist.xml; path = Info.plist; sourceTree = "<group>"; };
		DAC2C7E91EA7A2EF00E173AB /* CoreGraphics(Detailed)Tests.xctest */ = {isa = PBXFileReference; explicitFileType = wrapper.cfbundle; includeInIndex = 0; path = "CoreGraphics(Detailed)Tests.xctest"; sourceTree = BUILT_PRODUCTS_DIR; };
		DAC2C7ED1EA7A2EF00E173AB /* CoreGraphics_Detailed_Tests.m */ = {isa = PBXFileReference; lastKnownFileType = sourcecode.c.objc; path = CoreGraphics_Detailed_Tests.m; sourceTree = "<group>"; };
		DAC2C7EF1EA7A2EF00E173AB /* Info.plist */ = {isa = PBXFileReference; lastKnownFileType = text.plist.xml; path = Info.plist; sourceTree = "<group>"; };
		DAC2C7F41EA7A2EF00E173AB /* CoreGraphics(Detailed)UITests.xctest */ = {isa = PBXFileReference; explicitFileType = wrapper.cfbundle; includeInIndex = 0; path = "CoreGraphics(Detailed)UITests.xctest"; sourceTree = BUILT_PRODUCTS_DIR; };
		DAC2C7F81EA7A2EF00E173AB /* CoreGraphics_Detailed_UITests.m */ = {isa = PBXFileReference; lastKnownFileType = sourcecode.c.objc; path = CoreGraphics_Detailed_UITests.m; sourceTree = "<group>"; };
		DAC2C7FA1EA7A2EF00E173AB /* Info.plist */ = {isa = PBXFileReference; lastKnownFileType = text.plist.xml; path = Info.plist; sourceTree = "<group>"; };
		DAF668541EA8401600B7485B /* CustomView.h */ = {isa = PBXFileReference; fileEncoding = 4; lastKnownFileType = sourcecode.c.h; path = CustomView.h; sourceTree = "<group>"; };
		DAF668551EA8401600B7485B /* CustomView.m */ = {isa = PBXFileReference; fileEncoding = 4; lastKnownFileType = sourcecode.c.objc; path = CustomView.m; sourceTree = "<group>"; };
/* End PBXFileReference section */

/* Begin PBXFrameworksBuildPhase section */
		DAC2C7CD1EA7A2EF00E173AB /* Frameworks */ = {
			isa = PBXFrameworksBuildPhase;
			buildActionMask = 2147483647;
			files = (
			);
			runOnlyForDeploymentPostprocessing = 0;
		};
		DAC2C7E61EA7A2EF00E173AB /* Frameworks */ = {
			isa = PBXFrameworksBuildPhase;
			buildActionMask = 2147483647;
			files = (
			);
			runOnlyForDeploymentPostprocessing = 0;
		};
		DAC2C7F11EA7A2EF00E173AB /* Frameworks */ = {
			isa = PBXFrameworksBuildPhase;
			buildActionMask = 2147483647;
			files = (
			);
			runOnlyForDeploymentPostprocessing = 0;
		};
/* End PBXFrameworksBuildPhase section */

/* Begin PBXGroup section */
		DAC2C7C71EA7A2EF00E173AB = {
			isa = PBXGroup;
			children = (
				DAC2C7D21EA7A2EF00E173AB /* CoreGraphics(Detailed) */,
				DAC2C7EC1EA7A2EF00E173AB /* CoreGraphics(Detailed)Tests */,
				DAC2C7F71EA7A2EF00E173AB /* CoreGraphics(Detailed)UITests */,
				DAC2C7D11EA7A2EF00E173AB /* Products */,
			);
			sourceTree = "<group>";
		};
		DAC2C7D11EA7A2EF00E173AB /* Products */ = {
			isa = PBXGroup;
			children = (
				DAC2C7D01EA7A2EF00E173AB /* CoreGraphics(Detailed).app */,
				DAC2C7E91EA7A2EF00E173AB /* CoreGraphics(Detailed)Tests.xctest */,
				DAC2C7F41EA7A2EF00E173AB /* CoreGraphics(Detailed)UITests.xctest */,
			);
			name = Products;
			sourceTree = "<group>";
		};
		DAC2C7D21EA7A2EF00E173AB /* CoreGraphics(Detailed) */ = {
			isa = PBXGroup;
			children = (
				DAF668541EA8401600B7485B /* CustomView.h */,
				DAF668551EA8401600B7485B /* CustomView.m */,
				DAC2C7D61EA7A2EF00E173AB /* AppDelegate.h */,
				DAC2C7D71EA7A2EF00E173AB /* AppDelegate.m */,
				DAC2C7D91EA7A2EF00E173AB /* ViewController.h */,
				DAC2C7DA1EA7A2EF00E173AB /* ViewController.m */,
				DAC2C7DC1EA7A2EF00E173AB /* Main.storyboard */,
				DAC2C7DF1EA7A2EF00E173AB /* Assets.xcassets */,
				DAC2C7E11EA7A2EF00E173AB /* LaunchScreen.storyboard */,
				DAC2C7E41EA7A2EF00E173AB /* Info.plist */,
				DAC2C7D31EA7A2EF00E173AB /* Supporting Files */,
			);
			path = "CoreGraphics(Detailed)";
			sourceTree = "<group>";
		};
		DAC2C7D31EA7A2EF00E173AB /* Supporting Files */ = {
			isa = PBXGroup;
			children = (
				DAC2C7D41EA7A2EF00E173AB /* main.m */,
			);
			name = "Supporting Files";
			sourceTree = "<group>";
		};
		DAC2C7EC1EA7A2EF00E173AB /* CoreGraphics(Detailed)Tests */ = {
			isa = PBXGroup;
			children = (
				DAC2C7ED1EA7A2EF00E173AB /* CoreGraphics_Detailed_Tests.m */,
				DAC2C7EF1EA7A2EF00E173AB /* Info.plist */,
			);
			path = "CoreGraphics(Detailed)Tests";
			sourceTree = "<group>";
		};
		DAC2C7F71EA7A2EF00E173AB /* CoreGraphics(Detailed)UITests */ = {
			isa = PBXGroup;
			children = (
				DAC2C7F81EA7A2EF00E173AB /* CoreGraphics_Detailed_UITests.m */,
				DAC2C7FA1EA7A2EF00E173AB /* Info.plist */,
			);
			path = "CoreGraphics(Detailed)UITests";
			sourceTree = "<group>";
		};
/* End PBXGroup section */

/* Begin PBXNativeTarget section */
		DAC2C7CF1EA7A2EF00E173AB /* CoreGraphics(Detailed) */ = {
			isa = PBXNativeTarget;
			buildConfigurationList = DAC2C7FD1EA7A2EF00E173AB /* Build configuration list for PBXNativeTarget "CoreGraphics(Detailed)" */;
			buildPhases = (
				DAC2C7CC1EA7A2EF00E173AB /* Sources */,
				DAC2C7CD1EA7A2EF00E173AB /* Frameworks */,
				DAC2C7CE1EA7A2EF00E173AB /* Resources */,
			);
			buildRules = (
			);
			dependencies = (
			);
			name = "CoreGraphics(Detailed)";
			productName = "CoreGraphics(Detailed)";
			productReference = DAC2C7D01EA7A2EF00E173AB /* CoreGraphics(Detailed).app */;
			productType = "com.apple.product-type.application";
		};
		DAC2C7E81EA7A2EF00E173AB /* CoreGraphics(Detailed)Tests */ = {
			isa = PBXNativeTarget;
			buildConfigurationList = DAC2C8001EA7A2EF00E173AB /* Build configuration list for PBXNativeTarget "CoreGraphics(Detailed)Tests" */;
			buildPhases = (
				DAC2C7E51EA7A2EF00E173AB /* Sources */,
				DAC2C7E61EA7A2EF00E173AB /* Frameworks */,
				DAC2C7E71EA7A2EF00E173AB /* Resources */,
			);
			buildRules = (
			);
			dependencies = (
				DAC2C7EB1EA7A2EF00E173AB /* PBXTargetDependency */,
			);
			name = "CoreGraphics(Detailed)Tests";
			productName = "CoreGraphics(Detailed)Tests";
			productReference = DAC2C7E91EA7A2EF00E173AB /* CoreGraphics(Detailed)Tests.xctest */;
			productType = "com.apple.product-type.bundle.unit-test";
		};
		DAC2C7F31EA7A2EF00E173AB /* CoreGraphics(Detailed)UITests */ = {
			isa = PBXNativeTarget;
			buildConfigurationList = DAC2C8031EA7A2EF00E173AB /* Build configuration list for PBXNativeTarget "CoreGraphics(Detailed)UITests" */;
			buildPhases = (
				DAC2C7F01EA7A2EF00E173AB /* Sources */,
				DAC2C7F11EA7A2EF00E173AB /* Frameworks */,
				DAC2C7F21EA7A2EF00E173AB /* Resources */,
			);
			buildRules = (
			);
			dependencies = (
				DAC2C7F61EA7A2EF00E173AB /* PBXTargetDependency */,
			);
			name = "CoreGraphics(Detailed)UITests";
			productName = "CoreGraphics(Detailed)UITests";
			productReference = DAC2C7F41EA7A2EF00E173AB /* CoreGraphics(Detailed)UITests.xctest */;
			productType = "com.apple.product-type.bundle.ui-testing";
		};
/* End PBXNativeTarget section */

/* Begin PBXProject section */
		DAC2C7C81EA7A2EF00E173AB /* Project object */ = {
			isa = PBXProject;
			attributes = {
				LastUpgradeCheck = 0720;
				ORGANIZATIONNAME = "王红昌";
				TargetAttributes = {
					DAC2C7CF1EA7A2EF00E173AB = {
						CreatedOnToolsVersion = 7.2.1;
						DevelopmentTeam = 6365DA2KWN;
					};
					DAC2C7E81EA7A2EF00E173AB = {
						CreatedOnToolsVersion = 7.2.1;
						TestTargetID = DAC2C7CF1EA7A2EF00E173AB;
					};
					DAC2C7F31EA7A2EF00E173AB = {
						CreatedOnToolsVersion = 7.2.1;
						TestTargetID = DAC2C7CF1EA7A2EF00E173AB;
					};
				};
			};
			buildConfigurationList = DAC2C7CB1EA7A2EF00E173AB /* Build configuration list for PBXProject "CoreGraphics(Detailed)" */;
			compatibilityVersion = "Xcode 3.2";
			developmentRegion = English;
			hasScannedForEncodings = 0;
			knownRegions = (
				en,
				Base,
			);
			mainGroup = DAC2C7C71EA7A2EF00E173AB;
			productRefGroup = DAC2C7D11EA7A2EF00E173AB /* Products */;
			projectDirPath = "";
			projectRoot = "";
			targets = (
				DAC2C7CF1EA7A2EF00E173AB /* CoreGraphics(Detailed) */,
				DAC2C7E81EA7A2EF00E173AB /* CoreGraphics(Detailed)Tests */,
				DAC2C7F31EA7A2EF00E173AB /* CoreGraphics(Detailed)UITests */,
			);
		};
/* End PBXProject section */

/* Begin PBXResourcesBuildPhase section */
		DAC2C7CE1EA7A2EF00E173AB /* Resources */ = {
			isa = PBXResourcesBuildPhase;
			buildActionMask = 2147483647;
			files = (
				DAC2C7E31EA7A2EF00E173AB /* LaunchScreen.storyboard in Resources */,
				DAC2C7E01EA7A2EF00E173AB /* Assets.xcassets in Resources */,
				DAC2C7DE1EA7A2EF00E173AB /* Main.storyboard in Resources */,
			);
			runOnlyForDeploymentPostprocessing = 0;
		};
		DAC2C7E71EA7A2EF00E173AB /* Resources */ = {
			isa = PBXResourcesBuildPhase;
			buildActionMask = 2147483647;
			files = (
			);
			runOnlyForDeploymentPostprocessing = 0;
		};
		DAC2C7F21EA7A2EF00E173AB /* Resources */ = {
			isa = PBXResourcesBuildPhase;
			buildActionMask = 2147483647;
			files = (
			);
			runOnlyForDeploymentPostprocessing = 0;
		};
/* End PBXResourcesBuildPhase section */

/* Begin PBXSourcesBuildPhase section */
		DAC2C7CC1EA7A2EF00E173AB /* Sources */ = {
			isa = PBXSourcesBuildPhase;
			buildActionMask = 2147483647;
			files = (
				DAC2C7DB1EA7A2EF00E173AB /* ViewController.m in Sources */,
				DAF668561EA8401600B7485B /* CustomView.m in Sources */,
				DAC2C7D81EA7A2EF00E173AB /* AppDelegate.m in Sources */,
				DAC2C7D51EA7A2EF00E173AB /* main.m in Sources */,
			);
			runOnlyForDeploymentPostprocessing = 0;
		};
		DAC2C7E51EA7A2EF00E173AB /* Sources */ = {
			isa = PBXSourcesBuildPhase;
			buildActionMask = 2147483647;
			files = (
				DAC2C7EE1EA7A2EF00E173AB /* CoreGraphics_Detailed_Tests.m in Sources */,
			);
			runOnlyForDeploymentPostprocessing = 0;
		};
		DAC2C7F01EA7A2EF00E173AB /* Sources */ = {
			isa = PBXSourcesBuildPhase;
			buildActionMask = 2147483647;
			files = (
				DAC2C7F91EA7A2EF00E173AB /* CoreGraphics_Detailed_UITests.m in Sources */,
			);
			runOnlyForDeploymentPostprocessing = 0;
		};
/* End PBXSourcesBuildPhase section */

/* Begin PBXTargetDependency section */
		DAC2C7EB1EA7A2EF00E173AB /* PBXTargetDependency */ = {
			isa = PBXTargetDependency;
			target = DAC2C7CF1EA7A2EF00E173AB /* CoreGraphics(Detailed) */;
			targetProxy = DAC2C7EA1EA7A2EF00E173AB /* PBXContainerItemProxy */;
		};
		DAC2C7F61EA7A2EF00E173AB /* PBXTargetDependency */ = {
			isa = PBXTargetDependency;
			target = DAC2C7CF1EA7A2EF00E173AB /* CoreGraphics(Detailed) */;
			targetProxy = DAC2C7F51EA7A2EF00E173AB /* PBXContainerItemProxy */;
		};
/* End PBXTargetDependency section */

/* Begin PBXVariantGroup section */
		DAC2C7DC1EA7A2EF00E173AB /* Main.storyboard */ = {
			isa = PBXVariantGroup;
			children = (
				DAC2C7DD1EA7A2EF00E173AB /* Base */,
			);
			name = Main.storyboard;
			sourceTree = "<group>";
		};
		DAC2C7E11EA7A2EF00E173AB /* LaunchScreen.storyboard */ = {
			isa = PBXVariantGroup;
			children = (
				DAC2C7E21EA7A2EF00E173AB /* Base */,
			);
			name = LaunchScreen.storyboard;
			sourceTree = "<group>";
		};
/* End PBXVariantGroup section */

/* Begin XCBuildConfiguration section */
		DAC2C7FB1EA7A2EF00E173AB /* Debug */ = {
			isa = XCBuildConfiguration;
			buildSettings = {
				ALWAYS_SEARCH_USER_PATHS = NO;
				CLANG_CXX_LANGUAGE_STANDARD = "gnu++0x";
				CLANG_CXX_LIBRARY = "libc++";
				CLANG_ENABLE_MODULES = YES;
				CLANG_ENABLE_OBJC_ARC = YES;
				CLANG_WARN_BOOL_CONVERSION = YES;
				CLANG_WARN_CONSTANT_CONVERSION = YES;
				CLANG_WARN_DIRECT_OBJC_ISA_USAGE = YES_ERROR;
				CLANG_WARN_EMPTY_BODY = YES;
				CLANG_WARN_ENUM_CONVERSION = YES;
				CLANG_WARN_INT_CONVERSION = YES;
				CLANG_WARN_OBJC_ROOT_CLASS = YES_ERROR;
				CLANG_WARN_UNREACHABLE_CODE = YES;
				CLANG_WARN__DUPLICATE_METHOD_MATCH = YES;
				"CODE_SIGN_IDENTITY[sdk=iphoneos*]" = "iPhone Developer";
				COPY_PHASE_STRIP = NO;
				DEBUG_INFORMATION_FORMAT = dwarf;
				ENABLE_STRICT_OBJC_MSGSEND = YES;
				ENABLE_TESTABILITY = YES;
				GCC_C_LANGUAGE_STANDARD = gnu99;
				GCC_DYNAMIC_NO_PIC = NO;
				GCC_NO_COMMON_BLOCKS = YES;
				GCC_OPTIMIZATION_LEVEL = 0;
				GCC_PREPROCESSOR_DEFINITIONS = (
					"DEBUG=1",
					"$(inherited)",
				);
				GCC_WARN_64_TO_32_BIT_CONVERSION = YES;
				GCC_WARN_ABOUT_RETURN_TYPE = YES_ERROR;
				GCC_WARN_UNDECLARED_SELECTOR = YES;
				GCC_WARN_UNINITIALIZED_AUTOS = YES_AGGRESSIVE;
				GCC_WARN_UNUSED_FUNCTION = YES;
				GCC_WARN_UNUSED_VARIABLE = YES;
				IPHONEOS_DEPLOYMENT_TARGET = 9.2;
				MTL_ENABLE_DEBUG_INFO = YES;
				ONLY_ACTIVE_ARCH = YES;
				SDKROOT = iphoneos;
			};
			name = Debug;
		};
		DAC2C7FC1EA7A2EF00E173AB /* Release */ = {
			isa = XCBuildConfiguration;
			buildSettings = {
				ALWAYS_SEARCH_USER_PATHS = NO;
				CLANG_CXX_LANGUAGE_STANDARD = "gnu++0x";
				CLANG_CXX_LIBRARY = "libc++";
				CLANG_ENABLE_MODULES = YES;
				CLANG_ENABLE_OBJC_ARC = YES;
				CLANG_WARN_BOOL_CONVERSION = YES;
				CLANG_WARN_CONSTANT_CONVERSION = YES;
				CLANG_WARN_DIRECT_OBJC_ISA_USAGE = YES_ERROR;
				CLANG_WARN_EMPTY_BODY = YES;
				CLANG_WARN_ENUM_CONVERSION = YES;
				CLANG_WARN_INT_CONVERSION = YES;
				CLANG_WARN_OBJC_ROOT_CLASS = YES_ERROR;
				CLANG_WARN_UNREACHABLE_CODE = YES;
				CLANG_WARN__DUPLICATE_METHOD_MATCH = YES;
				"CODE_SIGN_IDENTITY[sdk=iphoneos*]" = "iPhone Developer";
				COPY_PHASE_STRIP = NO;
				DEBUG_INFORMATION_FORMAT = "dwarf-with-dsym";
				ENABLE_NS_ASSERTIONS = NO;
				ENABLE_STRICT_OBJC_MSGSEND = YES;
				GCC_C_LANGUAGE_STANDARD = gnu99;
				GCC_NO_COMMON_BLOCKS = YES;
				GCC_WARN_64_TO_32_BIT_CONVERSION = YES;
				GCC_WARN_ABOUT_RETURN_TYPE = YES_ERROR;
				GCC_WARN_UNDECLARED_SELECTOR = YES;
				GCC_WARN_UNINITIALIZED_AUTOS = YES_AGGRESSIVE;
				GCC_WARN_UNUSED_FUNCTION = YES;
				GCC_WARN_UNUSED_VARIABLE = YES;
				IPHONEOS_DEPLOYMENT_TARGET = 9.2;
				MTL_ENABLE_DEBUG_INFO = NO;
				SDKROOT = iphoneos;
				VALIDATE_PRODUCT = YES;
			};
			name = Release;
		};
		DAC2C7FE1EA7A2EF00E173AB /* Debug */ = {
			isa = XCBuildConfiguration;
			buildSettings = {
				ASSETCATALOG_COMPILER_APPICON_NAME = AppIcon;
				DEVELOPMENT_TEAM = 6365DA2KWN;
				INFOPLIST_FILE = "CoreGraphics(Detailed)/Info.plist";
				LD_RUNPATH_SEARCH_PATHS = "$(inherited) @executable_path/Frameworks";
				PRODUCT_BUNDLE_IDENTIFIER = "com.dustin.CoreGraphics-Detailed-";
				PRODUCT_NAME = "$(TARGET_NAME)";
			};
			name = Debug;
		};
		DAC2C7FF1EA7A2EF00E173AB /* Release */ = {
			isa = XCBuildConfiguration;
			buildSettings = {
				ASSETCATALOG_COMPILER_APPICON_NAME = AppIcon;
				DEVELOPMENT_TEAM = 6365DA2KWN;
				INFOPLIST_FILE = "CoreGraphics(Detailed)/Info.plist";
				LD_RUNPATH_SEARCH_PATHS = "$(inherited) @executable_path/Frameworks";
				PRODUCT_BUNDLE_IDENTIFIER = "com.dustin.CoreGraphics-Detailed-";
				PRODUCT_NAME = "$(TARGET_NAME)";
			};
			name = Release;
		};
		DAC2C8011EA7A2EF00E173AB /* Debug */ = {
			isa = XCBuildConfiguration;
			buildSettings = {
				BUNDLE_LOADER = "$(TEST_HOST)";
				INFOPLIST_FILE = "CoreGraphics(Detailed)Tests/Info.plist";
				LD_RUNPATH_SEARCH_PATHS = "$(inherited) @executable_path/Frameworks @loader_path/Frameworks";
				PRODUCT_BUNDLE_IDENTIFIER = "com.dustin.CoreGraphics-Detailed-Tests";
				PRODUCT_NAME = "$(TARGET_NAME)";
				TEST_HOST = "$(BUILT_PRODUCTS_DIR)/CoreGraphics(Detailed).app/CoreGraphics(Detailed)";
			};
			name = Debug;
		};
		DAC2C8021EA7A2EF00E173AB /* Release */ = {
			isa = XCBuildConfiguration;
			buildSettings = {
				BUNDLE_LOADER = "$(TEST_HOST)";
				INFOPLIST_FILE = "CoreGraphics(Detailed)Tests/Info.plist";
				LD_RUNPATH_SEARCH_PATHS = "$(inherited) @executable_path/Frameworks @loader_path/Frameworks";
				PRODUCT_BUNDLE_IDENTIFIER = "com.dustin.CoreGraphics-Detailed-Tests";
				PRODUCT_NAME = "$(TARGET_NAME)";
				TEST_HOST = "$(BUILT_PRODUCTS_DIR)/CoreGraphics(Detailed).app/CoreGraphics(Detailed)";
			};
			name = Release;
		};
		DAC2C8041EA7A2EF00E173AB /* Debug */ = {
			isa = XCBuildConfiguration;
			buildSettings = {
				INFOPLIST_FILE = "CoreGraphics(Detailed)UITests/Info.plist";
				LD_RUNPATH_SEARCH_PATHS = "$(inherited) @executable_path/Frameworks @loader_path/Frameworks";
				PRODUCT_BUNDLE_IDENTIFIER = "com.dustin.CoreGraphics-Detailed-UITests";
				PRODUCT_NAME = "$(TARGET_NAME)";
				TEST_TARGET_NAME = "CoreGraphics(Detailed)";
				USES_XCTRUNNER = YES;
			};
			name = Debug;
		};
		DAC2C8051EA7A2EF00E173AB /* Release */ = {
			isa = XCBuildConfiguration;
			buildSettings = {
				INFOPLIST_FILE = "CoreGraphics(Detailed)UITests/Info.plist";
				LD_RUNPATH_SEARCH_PATHS = "$(inherited) @executable_path/Frameworks @loader_path/Frameworks";
				PRODUCT_BUNDLE_IDENTIFIER = "com.dustin.CoreGraphics-Detailed-UITests";
				PRODUCT_NAME = "$(TARGET_NAME)";
				TEST_TARGET_NAME = "CoreGraphics(Detailed)";
				USES_XCTRUNNER = YES;
			};
			name = Release;
		};
/* End XCBuildConfiguration section */

/* Begin XCConfigurationList section */
		DAC2C7CB1EA7A2EF00E173AB /* Build configuration list for PBXProject "CoreGraphics(Detailed)" */ = {
			isa = XCConfigurationList;
			buildConfigurations = (
				DAC2C7FB1EA7A2EF00E173AB /* Debug */,
				DAC2C7FC1EA7A2EF00E173AB /* Release */,
			);
			defaultConfigurationIsVisible = 0;
			defaultConfigurationName = Release;
		};
		DAC2C7FD1EA7A2EF00E173AB /* Build configuration list for PBXNativeTarget "CoreGraphics(Detailed)" */ = {
			isa = XCConfigurationList;
			buildConfigurations = (
				DAC2C7FE1EA7A2EF00E173AB /* Debug */,
				DAC2C7FF1EA7A2EF00E173AB /* Release */,
			);
			defaultConfigurationIsVisible = 0;
			defaultConfigurationName = Release;
		};
		DAC2C8001EA7A2EF00E173AB /* Build configuration list for PBXNativeTarget "CoreGraphics(Detailed)Tests" */ = {
			isa = XCConfigurationList;
			buildConfigurations = (
				DAC2C8011EA7A2EF00E173AB /* Debug */,
				DAC2C8021EA7A2EF00E173AB /* Release */,
			);
			defaultConfigurationIsVisible = 0;
			defaultConfigurationName = Release;
		};
		DAC2C8031EA7A2EF00E173AB /* Build configuration list for PBXNativeTarget "CoreGraphics(Detailed)UITests" */ = {
			isa = XCConfigurationList;
			buildConfigurations = (
				DAC2C8041EA7A2EF00E173AB /* Debug */,
				DAC2C8051EA7A2EF00E173AB /* Release */,
			);
			defaultConfigurationIsVisible = 0;
			defaultConfigurationName = Release;
		};
/* End XCConfigurationList section */
	};
	rootObject = DAC2C7C81EA7A2EF00E173AB /* Project object */;
}
